
Microsoft Visual Studio Solution File, Format Version 12.00
Project("{FAE04EC0-301F-11D3-BF4B-00C04F79EFBC}") = "TicTacToe", "TicTacToe\TicTacToe.csproj", "{F55A8B97-2572-420B-A03D-9ADAC9544B4E}"
EndProject
Global
	GlobalSection(SolutionConfigurationPlatforms) = preSolution
		Debug|Any CPU = Debug|Any CPU
		Release|Any CPU = Release|Any CPU
	EndGlobalSection
	GlobalSection(ProjectConfigurationPlatforms) = postSolution
		{F55A8B97-2572-420B-A03D-9ADAC9544B4E}.Debug|Any CPU.ActiveCfg = Debug|Any CPU
		{F55A8B97-2572-420B-A03D-9ADAC9544B4E}.Debug|Any CPU.Build.0 = Debug|Any CPU
		{F55A8B97-2572-420B-A03D-9ADAC9544B4E}.Release|Any CPU.ActiveCfg = Release|Any CPU
		{F55A8B97-2572-420B-A03D-9ADAC9544B4E}.Release|Any CPU.Build.0 = Release|Any CPU
	EndGlobalSection
EndGlobal
